
Microsoft Visual Studio Solution File, Format Version 12.00
# Visual Studio Version 17
VisualStudioVersion = 17.8.34601.278
MinimumVisualStudioVersion = 10.0.40219.1
Project("{FAE04EC0-301F-11D3-BF4B-00C04F79EFBC}") = "dotNetCoreMvcCourseWeb", "dotNetCoreMvcCourseWeb\dotNetCoreMvcCourseWeb.csproj", "{47CC09CD-EA40-4433-8F13-3696EBE72E17}"
EndProject
Global
	GlobalSection(SolutionConfigurationPlatforms) = preSolution
		Debug|Any CPU = Debug|Any CPU
		Release|Any CPU = Release|Any CPU
	EndGlobalSection
	GlobalSection(ProjectConfigurationPlatforms) = postSolution
		{47CC09CD-EA40-4433-8F13-3696EBE72E17}.Debug|Any CPU.ActiveCfg = Debug|Any CPU
		{47CC09CD-EA40-4433-8F13-3696EBE72E17}.Debug|Any CPU.Build.0 = Debug|Any CPU
		{47CC09CD-EA40-4433-8F13-3696EBE72E17}.Release|Any CPU.ActiveCfg = Release|Any CPU
		{47CC09CD-EA40-4433-8F13-3696EBE72E17}.Release|Any CPU.Build.0 = Release|Any CPU
	EndGlobalSection
	GlobalSection(SolutionProperties) = preSolution
		HideSolutionNode = FALSE
	EndGlobalSection
	GlobalSection(ExtensibilityGlobals) = postSolution
		SolutionGuid = {722528FC-6474-4EDE-9D1B-1DC2DEA00ED5}
	EndGlobalSection
EndGlobal
